
Microsoft Visual Studio Solution File, Format Version 11.00
# Visual Studio 2010
Project("{FAE04EC0-301F-11D3-BF4B-00C04F79EFBC}") = "DefensiveTowers", "Assembly-CSharp.csproj", "{62162789-6464-B3EA-FC1B-3E4A0422DFC5}"
EndProject
Project("{FAE04EC0-301F-11D3-BF4B-00C04F79EFBC}") = "DefensiveTowers", "Assembly-CSharp-Editor.csproj", "{DFC17AA2-AE07-7C24-C5EA-0299CF17B34D}"
EndProject
Global
	GlobalSection(SolutionConfigurationPlatforms) = preSolution
		Debug|Any CPU = Debug|Any CPU
		Release|Any CPU = Release|Any CPU
	EndGlobalSection
	GlobalSection(ProjectConfigurationPlatforms) = postSolution
		{62162789-6464-B3EA-FC1B-3E4A0422DFC5}.Debug|Any CPU.ActiveCfg = Debug|Any CPU
		{62162789-6464-B3EA-FC1B-3E4A0422DFC5}.Debug|Any CPU.Build.0 = Debug|Any CPU
		{62162789-6464-B3EA-FC1B-3E4A0422DFC5}.Release|Any CPU.ActiveCfg = Release|Any CPU
		{62162789-6464-B3EA-FC1B-3E4A0422DFC5}.Release|Any CPU.Build.0 = Release|Any CPU
		{DFC17AA2-AE07-7C24-C5EA-0299CF17B34D}.Debug|Any CPU.ActiveCfg = Debug|Any CPU
		{DFC17AA2-AE07-7C24-C5EA-0299CF17B34D}.Debug|Any CPU.Build.0 = Debug|Any CPU
		{DFC17AA2-AE07-7C24-C5EA-0299CF17B34D}.Release|Any CPU.ActiveCfg = Release|Any CPU
		{DFC17AA2-AE07-7C24-C5EA-0299CF17B34D}.Release|Any CPU.Build.0 = Release|Any CPU
	EndGlobalSection
	GlobalSection(SolutionProperties) = preSolution
		HideSolutionNode = FALSE
	EndGlobalSection
	GlobalSection(MonoDevelopProperties) = preSolution
		StartupItem = Assembly-CSharp.csproj
	EndGlobalSection
EndGlobal
